
Microsoft Visual Studio Solution File, Format Version 12.00
Project("{FAE04EC0-301F-11D3-BF4B-00C04F79EFBC}") = "WebScraping", "WebScraping\WebScraping.csproj", "{22649C65-7543-45A0-ADD2-CD13271421ED}"
EndProject
Global
	GlobalSection(SolutionConfigurationPlatforms) = preSolution
		Debug|Any CPU = Debug|Any CPU
		Release|Any CPU = Release|Any CPU
	EndGlobalSection
	GlobalSection(ProjectConfigurationPlatforms) = postSolution
		{22649C65-7543-45A0-ADD2-CD13271421ED}.Debug|Any CPU.ActiveCfg = Debug|Any CPU
		{22649C65-7543-45A0-ADD2-CD13271421ED}.Debug|Any CPU.Build.0 = Debug|Any CPU
		{22649C65-7543-45A0-ADD2-CD13271421ED}.Release|Any CPU.ActiveCfg = Release|Any CPU
		{22649C65-7543-45A0-ADD2-CD13271421ED}.Release|Any CPU.Build.0 = Release|Any CPU
	EndGlobalSection
EndGlobal
